
Microsoft Visual Studio Solution File, Format Version 12.00
# Visual Studio Version 17
VisualStudioVersion = 17.9.34728.123
MinimumVisualStudioVersion = 10.0.40219.1
Project("{FAE04EC0-301F-11D3-BF4B-00C04F79EFBC}") = "ListExample", "ListExample\ListExample.csproj", "{AA722F32-7FD9-4424-8DEE-147DCB6EEBCF}"
EndProject
Global
	GlobalSection(SolutionConfigurationPlatforms) = preSolution
		Debug|Any CPU = Debug|Any CPU
		Release|Any CPU = Release|Any CPU
	EndGlobalSection
	GlobalSection(ProjectConfigurationPlatforms) = postSolution
		{AA722F32-7FD9-4424-8DEE-147DCB6EEBCF}.Debug|Any CPU.ActiveCfg = Debug|Any CPU
		{AA722F32-7FD9-4424-8DEE-147DCB6EEBCF}.Debug|Any CPU.Build.0 = Debug|Any CPU
		{AA722F32-7FD9-4424-8DEE-147DCB6EEBCF}.Release|Any CPU.ActiveCfg = Release|Any CPU
		{AA722F32-7FD9-4424-8DEE-147DCB6EEBCF}.Release|Any CPU.Build.0 = Release|Any CPU
	EndGlobalSection
	GlobalSection(SolutionProperties) = preSolution
		HideSolutionNode = FALSE
	EndGlobalSection
	GlobalSection(ExtensibilityGlobals) = postSolution
		SolutionGuid = {4F5563C9-996D-42EA-9884-AE9FAC1E0094}
	EndGlobalSection
EndGlobal
